// !$*UTF8*$!
{
	archiveVersion = 1;
	classes = {
	};
	objectVersion = 55;
	objects = {

/* Begin PBXBuildFile section */
		2858CB8A282F7CBF008BF448 /* AddWeatherViewModel.swift in Sources */ = {isa = PBXBuildFile; fileRef = 2858CB89282F7CBF008BF448 /* AddWeatherViewModel.swift */; };
		2858CB8D282F7DE3008BF448 /* Constants.swift in Sources */ = {isa = PBXBuildFile; fileRef = 2858CB8C282F7DE3008BF448 /* Constants.swift */; };
		2858CB90282F7E30008BF448 /* String++Extensions.swift in Sources */ = {isa = PBXBuildFile; fileRef = 2858CB8F282F7E30008BF448 /* String++Extensions.swift */; };
		2858CB92282F99AB008BF448 /* WeatherListViewModel.swift in Sources */ = {isa = PBXBuildFile; fileRef = 2858CB91282F99AB008BF448 /* WeatherListViewModel.swift */; };
		2858CB94282FB97A008BF448 /* Double++Extensions.swift in Sources */ = {isa = PBXBuildFile; fileRef = 2858CB93282FB97A008BF448 /* Double++Extensions.swift */; };
		28879BD2282F632F0077CA33 /* Weather.swift in Sources */ = {isa = PBXBuildFile; fileRef = 28879BD1282F632F0077CA33 /* Weather.swift */; };
		28879BD4282F66C50077CA33 /* APIKEYS.plist in Resources */ = {isa = PBXBuildFile; fileRef = 28879BD3282F66C50077CA33 /* APIKEYS.plist */; };
		28879BD6282F67020077CA33 /* WeatherAPPAPIKEY++Bundle.swift in Sources */ = {isa = PBXBuildFile; fileRef = 28879BD5282F67020077CA33 /* WeatherAPPAPIKEY++Bundle.swift */; };
		28AAD9C4282BE1CB0053754F /* AppDelegate.swift in Sources */ = {isa = PBXBuildFile; fileRef = 28AAD9C3282BE1CB0053754F /* AppDelegate.swift */; };
		28AAD9C6282BE1CB0053754F /* SceneDelegate.swift in Sources */ = {isa = PBXBuildFile; fileRef = 28AAD9C5282BE1CB0053754F /* SceneDelegate.swift */; };
		28AAD9CB282BE1CB0053754F /* Main.storyboard in Resources */ = {isa = PBXBuildFile; fileRef = 28AAD9C9282BE1CB0053754F /* Main.storyboard */; };
		28AAD9CD282BE1CE0053754F /* Assets.xcassets in Resources */ = {isa = PBXBuildFile; fileRef = 28AAD9CC282BE1CE0053754F /* Assets.xcassets */; };
		28AAD9D0282BE1CE0053754F /* LaunchScreen.storyboard in Resources */ = {isa = PBXBuildFile; fileRef = 28AAD9CE282BE1CE0053754F /* LaunchScreen.storyboard */; };
		28AAD9D9282BED970053754F /* WeatherListTableViewController.swift in Sources */ = {isa = PBXBuildFile; fileRef = 28AAD9D8282BED970053754F /* WeatherListTableViewController.swift */; };
		28AAD9DB282BEDF30053754F /* AddWeatherCityViewController.swift in Sources */ = {isa = PBXBuildFile; fileRef = 28AAD9DA282BEDF30053754F /* AddWeatherCityViewController.swift */; };
		28AAD9DF282BF8470053754F /* WeatherCell.swift in Sources */ = {isa = PBXBuildFile; fileRef = 28AAD9DE282BF8470053754F /* WeatherCell.swift */; };
		28AAD9E2282C03CB0053754F /* WebService.swift in Sources */ = {isa = PBXBuildFile; fileRef = 28AAD9E1282C03CB0053754F /* WebService.swift */; };
/* End PBXBuildFile section */

/* Begin PBXFileReference section */
		2858CB89282F7CBF008BF448 /* AddWeatherViewModel.swift */ = {isa = PBXFileReference; lastKnownFileType = sourcecode.swift; path = AddWeatherViewModel.swift; sourceTree = "<group>"; };
		2858CB8C282F7DE3008BF448 /* Constants.swift */ = {isa = PBXFileReference; lastKnownFileType = sourcecode.swift; path = Constants.swift; sourceTree = "<group>"; };
		2858CB8F282F7E30008BF448 /* String++Extensions.swift */ = {isa = PBXFileReference; lastKnownFileType = sourcecode.swift; path = "String++Extensions.swift"; sourceTree = "<group>"; };
		2858CB91282F99AB008BF448 /* WeatherListViewModel.swift */ = {isa = PBXFileReference; lastKnownFileType = sourcecode.swift; path = WeatherListViewModel.swift; sourceTree = "<group>"; };
		2858CB93282FB97A008BF448 /* Double++Extensions.swift */ = {isa = PBXFileReference; lastKnownFileType = sourcecode.swift; path = "Double++Extensions.swift"; sourceTree = "<group>"; };
		28879BD1282F632F0077CA33 /* Weather.swift */ = {isa = PBXFileReference; lastKnownFileType = sourcecode.swift; path = Weather.swift; sourceTree = "<group>"; };
		28879BD3282F66C50077CA33 /* APIKEYS.plist */ = {isa = PBXFileReference; lastKnownFileType = text.plist.xml; path = APIKEYS.plist; sourceTree = "<group>"; };
		28879BD5282F67020077CA33 /* WeatherAPPAPIKEY++Bundle.swift */ = {isa = PBXFileReference; lastKnownFileType = sourcecode.swift; path = "WeatherAPPAPIKEY++Bundle.swift"; sourceTree = "<group>"; };
		28AAD9C0282BE1CB0053754F /* WeatherApp.app */ = {isa = PBXFileReference; explicitFileType = wrapper.application; includeInIndex = 0; path = WeatherApp.app; sourceTree = BUILT_PRODUCTS_DIR; };
		28AAD9C3282BE1CB0053754F /* AppDelegate.swift */ = {isa = PBXFileReference; lastKnownFileType = sourcecode.swift; path = AppDelegate.swift; sourceTree = "<group>"; };
		28AAD9C5282BE1CB0053754F /* SceneDelegate.swift */ = {isa = PBXFileReference; lastKnownFileType = sourcecode.swift; path = SceneDelegate.swift; sourceTree = "<group>"; };
		28AAD9CA282BE1CB0053754F /* Base */ = {isa = PBXFileReference; lastKnownFileType = file.storyboard; name = Base; path = Base.lproj/Main.storyboard; sourceTree = "<group>"; };
		28AAD9CC282BE1CE0053754F /* Assets.xcassets */ = {isa = PBXFileReference; lastKnownFileType = folder.assetcatalog; path = Assets.xcassets; sourceTree = "<group>"; };
		28AAD9CF282BE1CE0053754F /* Base */ = {isa = PBXFileReference; lastKnownFileType = file.storyboard; name = Base; path = Base.lproj/LaunchScreen.storyboard; sourceTree = "<group>"; };
		28AAD9D1282BE1CE0053754F /* Info.plist */ = {isa = PBXFileReference; lastKnownFileType = text.plist.xml; path = Info.plist; sourceTree = "<group>"; };
		28AAD9D8282BED970053754F /* WeatherListTableViewController.swift */ = {isa = PBXFileReference; lastKnownFileType = sourcecode.swift; path = WeatherListTableViewController.swift; sourceTree = "<group>"; };
		28AAD9DA282BEDF30053754F /* AddWeatherCityViewController.swift */ = {isa = PBXFileReference; lastKnownFileType = sourcecode.swift; path = AddWeatherCityViewController.swift; sourceTree = "<group>"; };
		28AAD9DE282BF8470053754F /* WeatherCell.swift */ = {isa = PBXFileReference; lastKnownFileType = sourcecode.swift; path = WeatherCell.swift; sourceTree = "<group>"; };
		28AAD9E1282C03CB0053754F /* WebService.swift */ = {isa = PBXFileReference; lastKnownFileType = sourcecode.swift; path = WebService.swift; sourceTree = "<group>"; };
/* End PBXFileReference section */

/* Begin PBXFrameworksBuildPhase section */
		28AAD9BD282BE1CB0053754F /* Frameworks */ = {
			isa = PBXFrameworksBuildPhase;
			buildActionMask = 2147483647;
			files = (
			);
			runOnlyForDeploymentPostprocessing = 0;
		};
/* End PBXFrameworksBuildPhase section */

/* Begin PBXGroup section */
		2858CB88282F7CAD008BF448 /* ViewModels */ = {
			isa = PBXGroup;
			children = (
				2858CB89282F7CBF008BF448 /* AddWeatherViewModel.swift */,
				2858CB91282F99AB008BF448 /* WeatherListViewModel.swift */,
			);
			path = ViewModels;
			sourceTree = "<group>";
		};
		2858CB8B282F7DD0008BF448 /* Utils */ = {
			isa = PBXGroup;
			children = (
				2858CB8C282F7DE3008BF448 /* Constants.swift */,
			);
			path = Utils;
			sourceTree = "<group>";
		};
		2858CB8E282F7E1F008BF448 /* Extensions */ = {
			isa = PBXGroup;
			children = (
				2858CB8F282F7E30008BF448 /* String++Extensions.swift */,
				2858CB93282FB97A008BF448 /* Double++Extensions.swift */,
			);
			path = Extensions;
			sourceTree = "<group>";
		};
		28879BD0282F63280077CA33 /* Models */ = {
			isa = PBXGroup;
			children = (
				28879BD1282F632F0077CA33 /* Weather.swift */,
			);
			path = Models;
			sourceTree = "<group>";
		};
		28AAD9B7282BE1CB0053754F = {
			isa = PBXGroup;
			children = (
				28AAD9C2282BE1CB0053754F /* WeatherApp */,
				28AAD9C1282BE1CB0053754F /* Products */,
			);
			sourceTree = "<group>";
		};
		28AAD9C1282BE1CB0053754F /* Products */ = {
			isa = PBXGroup;
			children = (
				28AAD9C0282BE1CB0053754F /* WeatherApp.app */,
			);
			name = Products;
			sourceTree = "<group>";
		};
		28AAD9C2282BE1CB0053754F /* WeatherApp */ = {
			isa = PBXGroup;
			children = (
				2858CB8E282F7E1F008BF448 /* Extensions */,
				2858CB8B282F7DD0008BF448 /* Utils */,
				2858CB88282F7CAD008BF448 /* ViewModels */,
				28879BD0282F63280077CA33 /* Models */,
				28AAD9E0282C038A0053754F /* Services */,
				28AAD9DD282BF8330053754F /* Views */,
				28AAD9D7282BED820053754F /* Controllers */,
				28AAD9C3282BE1CB0053754F /* AppDelegate.swift */,
				28AAD9C5282BE1CB0053754F /* SceneDelegate.swift */,
				28AAD9C9282BE1CB0053754F /* Main.storyboard */,
				28AAD9CC282BE1CE0053754F /* Assets.xcassets */,
				28AAD9CE282BE1CE0053754F /* LaunchScreen.storyboard */,
				28AAD9D1282BE1CE0053754F /* Info.plist */,
				28879BD3282F66C50077CA33 /* APIKEYS.plist */,
				28879BD5282F67020077CA33 /* WeatherAPPAPIKEY++Bundle.swift */,
			);
			path = WeatherApp;
			sourceTree = "<group>";
		};
		28AAD9D7282BED820053754F /* Controllers */ = {
			isa = PBXGroup;
			children = (
				28AAD9D8282BED970053754F /* WeatherListTableViewController.swift */,
				28AAD9DA282BEDF30053754F /* AddWeatherCityViewController.swift */,
			);
			path = Controllers;
			sourceTree = "<group>";
		};
		28AAD9DD282BF8330053754F /* Views */ = {
			isa = PBXGroup;
			children = (
				28AAD9DE282BF8470053754F /* WeatherCell.swift */,
			);
			path = Views;
			sourceTree = "<group>";
		};
		28AAD9E0282C038A0053754F /* Services */ = {
			isa = PBXGroup;
			children = (
				28AAD9E1282C03CB0053754F /* WebService.swift */,
			);
			path = Services;
			sourceTree = "<group>";
		};
/* End PBXGroup section */

/* Begin PBXNativeTarget section */
		28AAD9BF282BE1CB0053754F /* WeatherApp */ = {
			isa = PBXNativeTarget;
			buildConfigurationList = 28AAD9D4282BE1CE0053754F /* Build configuration list for PBXNativeTarget "WeatherApp" */;
			buildPhases = (
				28AAD9BC282BE1CB0053754F /* Sources */,
				28AAD9BD282BE1CB0053754F /* Frameworks */,
				28AAD9BE282BE1CB0053754F /* Resources */,
			);
			buildRules = (
			);
			dependencies = (
			);
			name = WeatherApp;
			productName = WeatherApp;
			productReference = 28AAD9C0282BE1CB0053754F /* WeatherApp.app */;
			productType = "com.apple.product-type.application";
		};
/* End PBXNativeTarget section */

/* Begin PBXProject section */
		28AAD9B8282BE1CB0053754F /* Project object */ = {
			isa = PBXProject;
			attributes = {
				BuildIndependentTargetsInParallel = 1;
				LastSwiftUpdateCheck = 1330;
				LastUpgradeCheck = 1330;
				TargetAttributes = {
					28AAD9BF282BE1CB0053754F = {
						CreatedOnToolsVersion = 13.3.1;
					};
				};
			};
			buildConfigurationList = 28AAD9BB282BE1CB0053754F /* Build configuration list for PBXProject "WeatherApp" */;
			compatibilityVersion = "Xcode 13.0";
			developmentRegion = en;
			hasScannedForEncodings = 0;
			knownRegions = (
				en,
				Base,
			);
			mainGroup = 28AAD9B7282BE1CB0053754F;
			productRefGroup = 28AAD9C1282BE1CB0053754F /* Products */;
			projectDirPath = "";
			projectRoot = "";
			targets = (
				28AAD9BF282BE1CB0053754F /* WeatherApp */,
			);
		};
/* End PBXProject section */

/* Begin PBXResourcesBuildPhase section */
		28AAD9BE282BE1CB0053754F /* Resources */ = {
			isa = PBXResourcesBuildPhase;
			buildActionMask = 2147483647;
			files = (
				28AAD9D0282BE1CE0053754F /* LaunchScreen.storyboard in Resources */,
				28879BD4282F66C50077CA33 /* APIKEYS.plist in Resources */,
				28AAD9CD282BE1CE0053754F /* Assets.xcassets in Resources */,
				28AAD9CB282BE1CB0053754F /* Main.storyboard in Resources */,
			);
			runOnlyForDeploymentPostprocessing = 0;
		};
/* End PBXResourcesBuildPhase section */

/* Begin PBXSourcesBuildPhase section */
		28AAD9BC282BE1CB0053754F /* Sources */ = {
			isa = PBXSourcesBuildPhase;
			buildActionMask = 2147483647;
			files = (
				2858CB8A282F7CBF008BF448 /* AddWeatherViewModel.swift in Sources */,
				28AAD9E2282C03CB0053754F /* WebService.swift in Sources */,
				28AAD9D9282BED970053754F /* WeatherListTableViewController.swift in Sources */,
				28AAD9C4282BE1CB0053754F /* AppDelegate.swift in Sources */,
				28AAD9DF282BF8470053754F /* WeatherCell.swift in Sources */,
				28AAD9DB282BEDF30053754F /* AddWeatherCityViewController.swift in Sources */,
				28879BD6282F67020077CA33 /* WeatherAPPAPIKEY++Bundle.swift in Sources */,
				28AAD9C6282BE1CB0053754F /* SceneDelegate.swift in Sources */,
				2858CB90282F7E30008BF448 /* String++Extensions.swift in Sources */,
				2858CB92282F99AB008BF448 /* WeatherListViewModel.swift in Sources */,
				2858CB94282FB97A008BF448 /* Double++Extensions.swift in Sources */,
				2858CB8D282F7DE3008BF448 /* Constants.swift in Sources */,
				28879BD2282F632F0077CA33 /* Weather.swift in Sources */,
			);
			runOnlyForDeploymentPostprocessing = 0;
		};
/* End PBXSourcesBuildPhase section */

/* Begin PBXVariantGroup section */
		28AAD9C9282BE1CB0053754F /* Main.storyboard */ = {
			isa = PBXVariantGroup;
			children = (
				28AAD9CA282BE1CB0053754F /* Base */,
			);
			name = Main.storyboard;
			sourceTree = "<group>";
		};
		28AAD9CE282BE1CE0053754F /* LaunchScreen.storyboard */ = {
			isa = PBXVariantGroup;
			children = (
				28AAD9CF282BE1CE0053754F /* Base */,
			);
			name = LaunchScreen.storyboard;
			sourceTree = "<group>";
		};
/* End PBXVariantGroup section */

/* Begin XCBuildConfiguration section */
		28AAD9D2282BE1CE0053754F /* Debug */ = {
			isa = XCBuildConfiguration;
			buildSettings = {
				ALWAYS_SEARCH_USER_PATHS = NO;
				CLANG_ANALYZER_NONNULL = YES;
				CLANG_ANALYZER_NUMBER_OBJECT_CONVERSION = YES_AGGRESSIVE;
				CLANG_CXX_LANGUAGE_STANDARD = "gnu++17";
				CLANG_ENABLE_MODULES = YES;
				CLANG_ENABLE_OBJC_ARC = YES;
				CLANG_ENABLE_OBJC_WEAK = YES;
				CLANG_WARN_BLOCK_CAPTURE_AUTORELEASING = YES;
				CLANG_WARN_BOOL_CONVERSION = YES;
				CLANG_WARN_COMMA = YES;
				CLANG_WARN_CONSTANT_CONVERSION = YES;
				CLANG_WARN_DEPRECATED_OBJC_IMPLEMENTATIONS = YES;
				CLANG_WARN_DIRECT_OBJC_ISA_USAGE = YES_ERROR;
				CLANG_WARN_DOCUMENTATION_COMMENTS = YES;
				CLANG_WARN_EMPTY_BODY = YES;
				CLANG_WARN_ENUM_CONVERSION = YES;
				CLANG_WARN_INFINITE_RECURSION = YES;
				CLANG_WARN_INT_CONVERSION = YES;
				CLANG_WARN_NON_LITERAL_NULL_CONVERSION = YES;
				CLANG_WARN_OBJC_IMPLICIT_RETAIN_SELF = YES;
				CLANG_WARN_OBJC_LITERAL_CONVERSION = YES;
				CLANG_WARN_OBJC_ROOT_CLASS = YES_ERROR;
				CLANG_WARN_QUOTED_INCLUDE_IN_FRAMEWORK_HEADER = YES;
				CLANG_WARN_RANGE_LOOP_ANALYSIS = YES;
				CLANG_WARN_STRICT_PROTOTYPES = YES;
				CLANG_WARN_SUSPICIOUS_MOVE = YES;
				CLANG_WARN_UNGUARDED_AVAILABILITY = YES_AGGRESSIVE;
				CLANG_WARN_UNREACHABLE_CODE = YES;
				CLANG_WARN__DUPLICATE_METHOD_MATCH = YES;
				COPY_PHASE_STRIP = NO;
				DEBUG_INFORMATION_FORMAT = dwarf;
				ENABLE_STRICT_OBJC_MSGSEND = YES;
				ENABLE_TESTABILITY = YES;
				GCC_C_LANGUAGE_STANDARD = gnu11;
				GCC_DYNAMIC_NO_PIC = NO;
				GCC_NO_COMMON_BLOCKS = YES;
				GCC_OPTIMIZATION_LEVEL = 0;
				GCC_PREPROCESSOR_DEFINITIONS = (
					"DEBUG=1",
					"$(inherited)",
				);
				GCC_WARN_64_TO_32_BIT_CONVERSION = YES;
				GCC_WARN_ABOUT_RETURN_TYPE = YES_ERROR;
				GCC_WARN_UNDECLARED_SELECTOR = YES;
				GCC_WARN_UNINITIALIZED_AUTOS = YES_AGGRESSIVE;
				GCC_WARN_UNUSED_FUNCTION = YES;
				GCC_WARN_UNUSED_VARIABLE = YES;
				IPHONEOS_DEPLOYMENT_TARGET = 15.4;
				MTL_ENABLE_DEBUG_INFO = INCLUDE_SOURCE;
				MTL_FAST_MATH = YES;
				ONLY_ACTIVE_ARCH = YES;
				SDKROOT = iphoneos;
				SWIFT_ACTIVE_COMPILATION_CONDITIONS = DEBUG;
				SWIFT_OPTIMIZATION_LEVEL = "-Onone";
			};
			name = Debug;
		};
		28AAD9D3282BE1CE0053754F /* Release */ = {
			isa = XCBuildConfiguration;
			buildSettings = {
				ALWAYS_SEARCH_USER_PATHS = NO;
				CLANG_ANALYZER_NONNULL = YES;
				CLANG_ANALYZER_NUMBER_OBJECT_CONVERSION = YES_AGGRESSIVE;
				CLANG_CXX_LANGUAGE_STANDARD = "gnu++17";
				CLANG_ENABLE_MODULES = YES;
				CLANG_ENABLE_OBJC_ARC = YES;
				CLANG_ENABLE_OBJC_WEAK = YES;
				CLANG_WARN_BLOCK_CAPTURE_AUTORELEASING = YES;
				CLANG_WARN_BOOL_CONVERSION = YES;
				CLANG_WARN_COMMA = YES;
				CLANG_WARN_CONSTANT_CONVERSION = YES;
				CLANG_WARN_DEPRECATED_OBJC_IMPLEMENTATIONS = YES;
				CLANG_WARN_DIRECT_OBJC_ISA_USAGE = YES_ERROR;
				CLANG_WARN_DOCUMENTATION_COMMENTS = YES;
				CLANG_WARN_EMPTY_BODY = YES;
				CLANG_WARN_ENUM_CONVERSION = YES;
				CLANG_WARN_INFINITE_RECURSION = YES;
				CLANG_WARN_INT_CONVERSION = YES;
				CLANG_WARN_NON_LITERAL_NULL_CONVERSION = YES;
				CLANG_WARN_OBJC_IMPLICIT_RETAIN_SELF = YES;
				CLANG_WARN_OBJC_LITERAL_CONVERSION = YES;
				CLANG_WARN_OBJC_ROOT_CLASS = YES_ERROR;
				CLANG_WARN_QUOTED_INCLUDE_IN_FRAMEWORK_HEADER = YES;
				CLANG_WARN_RANGE_LOOP_ANALYSIS = YES;
				CLANG_WARN_STRICT_PROTOTYPES = YES;
				CLANG_WARN_SUSPICIOUS_MOVE = YES;
				CLANG_WARN_UNGUARDED_AVAILABILITY = YES_AGGRESSIVE;
				CLANG_WARN_UNREACHABLE_CODE = YES;
				CLANG_WARN__DUPLICATE_METHOD_MATCH = YES;
				COPY_PHASE_STRIP = NO;
				DEBUG_INFORMATION_FORMAT = "dwarf-with-dsym";
				ENABLE_NS_ASSERTIONS = NO;
				ENABLE_STRICT_OBJC_MSGSEND = YES;
				GCC_C_LANGUAGE_STANDARD = gnu11;
				GCC_NO_COMMON_BLOCKS = YES;
				GCC_WARN_64_TO_32_BIT_CONVERSION = YES;
				GCC_WARN_ABOUT_RETURN_TYPE = YES_ERROR;
				GCC_WARN_UNDECLARED_SELECTOR = YES;
				GCC_WARN_UNINITIALIZED_AUTOS = YES_AGGRESSIVE;
				GCC_WARN_UNUSED_FUNCTION = YES;
				GCC_WARN_UNUSED_VARIABLE = YES;
				IPHONEOS_DEPLOYMENT_TARGET = 15.4;
				MTL_ENABLE_DEBUG_INFO = NO;
				MTL_FAST_MATH = YES;
				SDKROOT = iphoneos;
				SWIFT_COMPILATION_MODE = wholemodule;
				SWIFT_OPTIMIZATION_LEVEL = "-O";
				VALIDATE_PRODUCT = YES;
			};
			name = Release;
		};
		28AAD9D5282BE1CE0053754F /* Debug */ = {
			isa = XCBuildConfiguration;
			buildSettings = {
				ASSETCATALOG_COMPILER_APPICON_NAME = AppIcon;
				ASSETCATALOG_COMPILER_GLOBAL_ACCENT_COLOR_NAME = AccentColor;
				CODE_SIGN_STYLE = Automatic;
				CURRENT_PROJECT_VERSION = 1;
				DEVELOPMENT_TEAM = 5TQSUXNFZV;
				GENERATE_INFOPLIST_FILE = YES;
				INFOPLIST_FILE = WeatherApp/Info.plist;
				INFOPLIST_KEY_UIApplicationSupportsIndirectInputEvents = YES;
				INFOPLIST_KEY_UILaunchStoryboardName = LaunchScreen;
				INFOPLIST_KEY_UIMainStoryboardFile = Main;
				INFOPLIST_KEY_UISupportedInterfaceOrientations_iPad = "UIInterfaceOrientationPortrait UIInterfaceOrientationPortraitUpsideDown UIInterfaceOrientationLandscapeLeft UIInterfaceOrientationLandscapeRight";
				INFOPLIST_KEY_UISupportedInterfaceOrientations_iPhone = "UIInterfaceOrientationPortrait UIInterfaceOrientationLandscapeLeft UIInterfaceOrientationLandscapeRight";
				LD_RUNPATH_SEARCH_PATHS = (
					"$(inherited)",
					"@executable_path/Frameworks",
				);
				MARKETING_VERSION = 1.0;
				PRODUCT_BUNDLE_IDENTIFIER = com.krwd.WeatherApp;
				PRODUCT_NAME = "$(TARGET_NAME)";
				SWIFT_EMIT_LOC_STRINGS = YES;
				SWIFT_VERSION = 5.0;
				TARGETED_DEVICE_FAMILY = "1,2";
			};
			name = Debug;
		};
		28AAD9D6282BE1CE0053754F /* Release */ = {
			isa = XCBuildConfiguration;
			buildSettings = {
				ASSETCATALOG_COMPILER_APPICON_NAME = AppIcon;
				ASSETCATALOG_COMPILER_GLOBAL_ACCENT_COLOR_NAME = AccentColor;
				CODE_SIGN_STYLE = Automatic;
				CURRENT_PROJECT_VERSION = 1;
				DEVELOPMENT_TEAM = 5TQSUXNFZV;
				GENERATE_INFOPLIST_FILE = YES;
				INFOPLIST_FILE = WeatherApp/Info.plist;
				INFOPLIST_KEY_UIApplicationSupportsIndirectInputEvents = YES;
				INFOPLIST_KEY_UILaunchStoryboardName = LaunchScreen;
				INFOPLIST_KEY_UIMainStoryboardFile = Main;
				INFOPLIST_KEY_UISupportedInterfaceOrientations_iPad = "UIInterfaceOrientationPortrait UIInterfaceOrientationPortraitUpsideDown UIInterfaceOrientationLandscapeLeft UIInterfaceOrientationLandscapeRight";
				INFOPLIST_KEY_UISupportedInterfaceOrientations_iPhone = "UIInterfaceOrientationPortrait UIInterfaceOrientationLandscapeLeft UIInterfaceOrientationLandscapeRight";
				LD_RUNPATH_SEARCH_PATHS = (
					"$(inherited)",
					"@executable_path/Frameworks",
				);
				MARKETING_VERSION = 1.0;
				PRODUCT_BUNDLE_IDENTIFIER = com.krwd.WeatherApp;
				PRODUCT_NAME = "$(TARGET_NAME)";
				SWIFT_EMIT_LOC_STRINGS = YES;
				SWIFT_VERSION = 5.0;
				TARGETED_DEVICE_FAMILY = "1,2";
			};
			name = Release;
		};
/* End XCBuildConfiguration section */

/* Begin XCConfigurationList section */
		28AAD9BB282BE1CB0053754F /* Build configuration list for PBXProject "WeatherApp" */ = {
			isa = XCConfigurationList;
			buildConfigurations = (
				28AAD9D2282BE1CE0053754F /* Debug */,
				28AAD9D3282BE1CE0053754F /* Release */,
			);
			defaultConfigurationIsVisible = 0;
			defaultConfigurationName = Release;
		};
		28AAD9D4282BE1CE0053754F /* Build configuration list for PBXNativeTarget "WeatherApp" */ = {
			isa = XCConfigurationList;
			buildConfigurations = (
				28AAD9D5282BE1CE0053754F /* Debug */,
				28AAD9D6282BE1CE0053754F /* Release */,
			);
			defaultConfigurationIsVisible = 0;
			defaultConfigurationName = Release;
		};
/* End XCConfigurationList section */
	};
	rootObject = 28AAD9B8282BE1CB0053754F /* Project object */;
}
